
Microsoft Visual Studio Solution File, Format Version 12.00
# Visual Studio Version 17
VisualStudioVersion = 17.5.002.0
MinimumVisualStudioVersion = 10.0.40219.1
Project("{9A19103F-16F7-4668-BE54-9A1E7A4F7556}") = "BlazingPizza", "BlazingPizza.csproj", "{1409E5E2-CF18-4FBA-89B6-C528DE518504}"
EndProject
Global
	GlobalSection(SolutionConfigurationPlatforms) = preSolution
		Debug|Any CPU = Debug|Any CPU
		Release|Any CPU = Release|Any CPU
	EndGlobalSection
	GlobalSection(ProjectConfigurationPlatforms) = postSolution
		{1409E5E2-CF18-4FBA-89B6-C528DE518504}.Debug|Any CPU.ActiveCfg = Debug|Any CPU
		{1409E5E2-CF18-4FBA-89B6-C528DE518504}.Debug|Any CPU.Build.0 = Debug|Any CPU
		{1409E5E2-CF18-4FBA-89B6-C528DE518504}.Release|Any CPU.ActiveCfg = Release|Any CPU
		{1409E5E2-CF18-4FBA-89B6-C528DE518504}.Release|Any CPU.Build.0 = Release|Any CPU
	EndGlobalSection
	GlobalSection(SolutionProperties) = preSolution
		HideSolutionNode = FALSE
	EndGlobalSection
	GlobalSection(ExtensibilityGlobals) = postSolution
		SolutionGuid = {4E2B2F48-C450-4028-9760-F8386DC65ECA}
	EndGlobalSection
EndGlobal
